
Microsoft Visual Studio Solution File, Format Version 12.00
# Visual Studio Version 17
VisualStudioVersion = 17.6.33723.286
MinimumVisualStudioVersion = 10.0.40219.1
Project("{2150E333-8FDC-42A3-9474-1A3956D46DE8}") = "src", "src", "{2466B634-8520-4BBC-9DEB-FBD872F824B0}"
EndProject
Project("{2150E333-8FDC-42A3-9474-1A3956D46DE8}") = "test", "test", "{AE08B41E-8D68-4A1C-9EB7-2D3337402686}"
EndProject
Project("{2150E333-8FDC-42A3-9474-1A3956D46DE8}") = "SolutionItems", "SolutionItems", "{944955A5-04C5-4046-B0BB-E0CF6A36A288}"
	ProjectSection(SolutionItems) = preProject
		.gitignore = .gitignore
		LICENSE = LICENSE
		README.md = README.md
	EndProjectSection
EndProject
Project("{FAE04EC0-301F-11D3-BF4B-00C04F79EFBC}") = "Inventory.Domain", "src\Inventory.Domain\Inventory.Domain.csproj", "{18420F24-ED73-46F6-AEE9-1B59C22F9367}"
EndProject
Global
	GlobalSection(SolutionConfigurationPlatforms) = preSolution
		Debug|Any CPU = Debug|Any CPU
		Release|Any CPU = Release|Any CPU
	EndGlobalSection
	GlobalSection(ProjectConfigurationPlatforms) = postSolution
		{18420F24-ED73-46F6-AEE9-1B59C22F9367}.Debug|Any CPU.ActiveCfg = Debug|Any CPU
		{18420F24-ED73-46F6-AEE9-1B59C22F9367}.Debug|Any CPU.Build.0 = Debug|Any CPU
		{18420F24-ED73-46F6-AEE9-1B59C22F9367}.Release|Any CPU.ActiveCfg = Release|Any CPU
		{18420F24-ED73-46F6-AEE9-1B59C22F9367}.Release|Any CPU.Build.0 = Release|Any CPU
	EndGlobalSection
	GlobalSection(SolutionProperties) = preSolution
		HideSolutionNode = FALSE
	EndGlobalSection
	GlobalSection(NestedProjects) = preSolution
		{18420F24-ED73-46F6-AEE9-1B59C22F9367} = {2466B634-8520-4BBC-9DEB-FBD872F824B0}
	EndGlobalSection
	GlobalSection(ExtensibilityGlobals) = postSolution
		SolutionGuid = {341437AD-CD70-4848-8D09-5E9B2806B5E4}
	EndGlobalSection
EndGlobal
